
Microsoft Visual Studio Solution File, Format Version 12.00
# Visual Studio Version 16
VisualStudioVersion = 16.0.31624.102
MinimumVisualStudioVersion = 10.0.40219.1
Project("{FAE04EC0-301F-11D3-BF4B-00C04F79EFBC}") = "MovieDal", "MovieDal\MovieDal.csproj", "{EC5403A0-DD62-4588-B062-32D0B343AD5A}"
EndProject
Project("{FAE04EC0-301F-11D3-BF4B-00C04F79EFBC}") = "MovieDalTests", "MovieDalTests\MovieDalTests.csproj", "{81AEA5FF-48D1-4B08-AA8B-D2A832476F52}"
EndProject
Global
	GlobalSection(SolutionConfigurationPlatforms) = preSolution
		Debug|Any CPU = Debug|Any CPU
		Release|Any CPU = Release|Any CPU
	EndGlobalSection
	GlobalSection(ProjectConfigurationPlatforms) = postSolution
		{EC5403A0-DD62-4588-B062-32D0B343AD5A}.Debug|Any CPU.ActiveCfg = Debug|Any CPU
		{EC5403A0-DD62-4588-B062-32D0B343AD5A}.Debug|Any CPU.Build.0 = Debug|Any CPU
		{EC5403A0-DD62-4588-B062-32D0B343AD5A}.Release|Any CPU.ActiveCfg = Release|Any CPU
		{EC5403A0-DD62-4588-B062-32D0B343AD5A}.Release|Any CPU.Build.0 = Release|Any CPU
		{81AEA5FF-48D1-4B08-AA8B-D2A832476F52}.Debug|Any CPU.ActiveCfg = Debug|Any CPU
		{81AEA5FF-48D1-4B08-AA8B-D2A832476F52}.Debug|Any CPU.Build.0 = Debug|Any CPU
		{81AEA5FF-48D1-4B08-AA8B-D2A832476F52}.Release|Any CPU.ActiveCfg = Release|Any CPU
		{81AEA5FF-48D1-4B08-AA8B-D2A832476F52}.Release|Any CPU.Build.0 = Release|Any CPU
	EndGlobalSection
	GlobalSection(SolutionProperties) = preSolution
		HideSolutionNode = FALSE
	EndGlobalSection
	GlobalSection(ExtensibilityGlobals) = postSolution
		SolutionGuid = {400E7970-E42F-4A4B-AB52-4F9B804CB55D}
	EndGlobalSection
EndGlobal
